
Microsoft Visual Studio Solution File, Format Version 12.00
# Visual Studio Version 17
VisualStudioVersion = 17.2.32602.215
MinimumVisualStudioVersion = 10.0.40219.1
Project("{FAE04EC0-301F-11D3-BF4B-00C04F79EFBC}") = "ConsoleAppHello", "ConsoleAppHello.csproj", "{CCC6C798-6B36-4C9B-B959-D11A5B37010A}"
EndProject
Global
	GlobalSection(SolutionConfigurationPlatforms) = preSolution
		Debug|Any CPU = Debug|Any CPU
		Release|Any CPU = Release|Any CPU
	EndGlobalSection
	GlobalSection(ProjectConfigurationPlatforms) = postSolution
		{CCC6C798-6B36-4C9B-B959-D11A5B37010A}.Debug|Any CPU.ActiveCfg = Debug|Any CPU
		{CCC6C798-6B36-4C9B-B959-D11A5B37010A}.Debug|Any CPU.Build.0 = Debug|Any CPU
		{CCC6C798-6B36-4C9B-B959-D11A5B37010A}.Release|Any CPU.ActiveCfg = Release|Any CPU
		{CCC6C798-6B36-4C9B-B959-D11A5B37010A}.Release|Any CPU.Build.0 = Release|Any CPU
	EndGlobalSection
	GlobalSection(SolutionProperties) = preSolution
		HideSolutionNode = FALSE
	EndGlobalSection
	GlobalSection(ExtensibilityGlobals) = postSolution
		SolutionGuid = {9632DF48-1685-4C1A-A44A-9CC15475B7E7}
	EndGlobalSection
EndGlobal
